# THIS IS AN AUTOGENERATED FILE. DO NOT EDIT THIS FILE DIRECTLY.
# yarn lockfile v1


jquery-ui@^1.11.4:
  version "1.12.1"
  resolved "https://registry.yarnpkg.com/jquery-ui/-/jquery-ui-1.12.1.tgz#bcb4045c8dd0539c134bc1488cdd3e768a7a9e51"

jquery@^1.9.1:
  version "1.12.4"
  resolved "https://registry.yarnpkg.com/jquery/-/jquery-1.12.4.tgz#01e1dfba290fe73deba77ceeacb0f9ba2fec9e0c"
